// !$*UTF8*$!
{
	archiveVersion = 1;
	classes = {
	};
	objectVersion = 63;
	objects = {

/* Begin PBXBuildFile section */
		210D4A6945186278E36871AE /* SyncSheet.swift in Sources */ = {isa = PBXBuildFile; fileRef = 359992C522C2DB1542D20E01 /* SyncSheet.swift */; };
		3542634E6BDFFCDB0C05F66A /* ServerSyncClient.swift in Sources */ = {isa = PBXBuildFile; fileRef = 4D401FA24E0C0CC4E160079D /* ServerSyncClient.swift */; };
		3B72454663AC056B7217AB3D /* ServerSyncPlannerTests.swift in Sources */ = {isa = PBXBuildFile; fileRef = 32474747113E3A5F3E4BC5D2 /* ServerSyncPlannerTests.swift */; };
		43120BF0FFC69B27DBCCB229 /* ServerSyncPlanner.swift in Sources */ = {isa = PBXBuildFile; fileRef = 7D6C238E5413E09026FC3D80 /* ServerSyncPlanner.swift */; };
		45E0E153CE13631E6D55353A /* DashboardStore.swift in Sources */ = {isa = PBXBuildFile; fileRef = 76594D37655A3C4C0A13A677 /* DashboardStore.swift */; };
		48BEDFE9ABEA85A648C9B76F /* DashboardView.swift in Sources */ = {isa = PBXBuildFile; fileRef = FCBFF71880FED190187DF563 /* DashboardView.swift */; };
		6965D8EEFE7BA43C239C9215 /* Idea.swift in Sources */ = {isa = PBXBuildFile; fileRef = 54CFD58A1AE34AEC662D640D /* Idea.swift */; };
		6ED5AC239315BB16AF080489 /* IdeaQueueApp.swift in Sources */ = {isa = PBXBuildFile; fileRef = A33FD2075A4650317BDD0496 /* IdeaQueueApp.swift */; };
		9A3E06C61E8466EB80F5D054 /* LocalRepository.swift in Sources */ = {isa = PBXBuildFile; fileRef = 47BF333D3253CC9BCDF932EF /* LocalRepository.swift */; };
		9F83DC2CF2A0FD74B8AADBC7 /* DashboardDocument.swift in Sources */ = {isa = PBXBuildFile; fileRef = D4B806BA45005EF64D027B62 /* DashboardDocument.swift */; };
		A8BC1087153284D9F68D0220 /* ServerCredentialStore.swift in Sources */ = {isa = PBXBuildFile; fileRef = 6CFFC0020823E52B223AA558 /* ServerCredentialStore.swift */; };
		CDA6289E933AB0205FF21FA5 /* SyncConfiguration.swift in Sources */ = {isa = PBXBuildFile; fileRef = 1CD4DC0708E366E325C55626 /* SyncConfiguration.swift */; };
		EEAA1FF5CA01A27C629D3E68 /* ProjectSectionView.swift in Sources */ = {isa = PBXBuildFile; fileRef = 61BC74D6D7F6D068561B989B /* ProjectSectionView.swift */; };
		F33E6769089CC1881AE7A752 /* DashboardDocumentTests.swift in Sources */ = {isa = PBXBuildFile; fileRef = 46C5933866C6662328D1C385 /* DashboardDocumentTests.swift */; };
/* End PBXBuildFile section */

/* Begin PBXContainerItemProxy section */
		B163D826857CF0B1CCE2B081 /* PBXContainerItemProxy */ = {
			isa = PBXContainerItemProxy;
			containerPortal = B562AE6190D5E6649262F41C /* Project object */;
			proxyType = 1;
			remoteGlobalIDString = 5A01866004800E9EFA7F01BF;
			remoteInfo = IdeaQueue;
		};
/* End PBXContainerItemProxy section */

/* Begin PBXFileReference section */
		1CD4DC0708E366E325C55626 /* SyncConfiguration.swift */ = {isa = PBXFileReference; lastKnownFileType = sourcecode.swift; path = SyncConfiguration.swift; sourceTree = "<group>"; };
		32474747113E3A5F3E4BC5D2 /* ServerSyncPlannerTests.swift */ = {isa = PBXFileReference; lastKnownFileType = sourcecode.swift; path = ServerSyncPlannerTests.swift; sourceTree = "<group>"; };
		359992C522C2DB1542D20E01 /* SyncSheet.swift */ = {isa = PBXFileReference; lastKnownFileType = sourcecode.swift; path = SyncSheet.swift; sourceTree = "<group>"; };
		35BA2C3BE40921D7642C4D49 /* IdeaQueue.app */ = {isa = PBXFileReference; includeInIndex = 0; lastKnownFileType = wrapper.application; path = IdeaQueue.app; sourceTree = BUILT_PRODUCTS_DIR; };
		46C5933866C6662328D1C385 /* DashboardDocumentTests.swift */ = {isa = PBXFileReference; lastKnownFileType = sourcecode.swift; path = DashboardDocumentTests.swift; sourceTree = "<group>"; };
		47BF333D3253CC9BCDF932EF /* LocalRepository.swift */ = {isa = PBXFileReference; lastKnownFileType = sourcecode.swift; path = LocalRepository.swift; sourceTree = "<group>"; };
		4D401FA24E0C0CC4E160079D /* ServerSyncClient.swift */ = {isa = PBXFileReference; lastKnownFileType = sourcecode.swift; path = ServerSyncClient.swift; sourceTree = "<group>"; };
		54CFD58A1AE34AEC662D640D /* Idea.swift */ = {isa = PBXFileReference; lastKnownFileType = sourcecode.swift; path = Idea.swift; sourceTree = "<group>"; };
		61BC74D6D7F6D068561B989B /* ProjectSectionView.swift */ = {isa = PBXFileReference; lastKnownFileType = sourcecode.swift; path = ProjectSectionView.swift; sourceTree = "<group>"; };
		6CFFC0020823E52B223AA558 /* ServerCredentialStore.swift */ = {isa = PBXFileReference; lastKnownFileType = sourcecode.swift; path = ServerCredentialStore.swift; sourceTree = "<group>"; };
		76594D37655A3C4C0A13A677 /* DashboardStore.swift */ = {isa = PBXFileReference; lastKnownFileType = sourcecode.swift; path = DashboardStore.swift; sourceTree = "<group>"; };
		7D6C238E5413E09026FC3D80 /* ServerSyncPlanner.swift */ = {isa = PBXFileReference; lastKnownFileType = sourcecode.swift; path = ServerSyncPlanner.swift; sourceTree = "<group>"; };
		A33FD2075A4650317BDD0496 /* IdeaQueueApp.swift */ = {isa = PBXFileReference; lastKnownFileType = sourcecode.swift; path = IdeaQueueApp.swift; sourceTree = "<group>"; };
		D4B806BA45005EF64D027B62 /* DashboardDocument.swift */ = {isa = PBXFileReference; lastKnownFileType = sourcecode.swift; path = DashboardDocument.swift; sourceTree = "<group>"; };
		E111EEB9BA8E3E3E42952F84 /* Info.plist */ = {isa = PBXFileReference; lastKnownFileType = text.plist; path = Info.plist; sourceTree = "<group>"; };
		E7F8506F208D695A4CD0D131 /* IdeaQueueTests.xctest */ = {isa = PBXFileReference; includeInIndex = 0; lastKnownFileType = wrapper.cfbundle; path = IdeaQueueTests.xctest; sourceTree = BUILT_PRODUCTS_DIR; };
		FCBFF71880FED190187DF563 /* DashboardView.swift */ = {isa = PBXFileReference; lastKnownFileType = sourcecode.swift; path = DashboardView.swift; sourceTree = "<group>"; };
/* End PBXFileReference section */

/* Begin PBXGroup section */
		28B2726C5A9CF4A5D6D123A2 /* Models */ = {
			isa = PBXGroup;
			children = (
				D4B806BA45005EF64D027B62 /* DashboardDocument.swift */,
				54CFD58A1AE34AEC662D640D /* Idea.swift */,
				1CD4DC0708E366E325C55626 /* SyncConfiguration.swift */,
			);
			path = Models;
			sourceTree = "<group>";
		};
		2D0CBEA3E14CCC92B0EDD47D /* Services */ = {
			isa = PBXGroup;
			children = (
				76594D37655A3C4C0A13A677 /* DashboardStore.swift */,
				47BF333D3253CC9BCDF932EF /* LocalRepository.swift */,
				6CFFC0020823E52B223AA558 /* ServerCredentialStore.swift */,
				4D401FA24E0C0CC4E160079D /* ServerSyncClient.swift */,
				7D6C238E5413E09026FC3D80 /* ServerSyncPlanner.swift */,
			);
			path = Services;
			sourceTree = "<group>";
		};
		2DB5CF89A748A1C9FF736CBD /* Views */ = {
			isa = PBXGroup;
			children = (
				FCBFF71880FED190187DF563 /* DashboardView.swift */,
				61BC74D6D7F6D068561B989B /* ProjectSectionView.swift */,
				359992C522C2DB1542D20E01 /* SyncSheet.swift */,
			);
			path = Views;
			sourceTree = "<group>";
		};
		3D68592A852B0FF622470644 /* IdeaQueue */ = {
			isa = PBXGroup;
			children = (
				A33FD2075A4650317BDD0496 /* IdeaQueueApp.swift */,
				E111EEB9BA8E3E3E42952F84 /* Info.plist */,
				28B2726C5A9CF4A5D6D123A2 /* Models */,
				2D0CBEA3E14CCC92B0EDD47D /* Services */,
				2DB5CF89A748A1C9FF736CBD /* Views */,
			);
			path = IdeaQueue;
			sourceTree = "<group>";
		};
		AC30E135448E7FB4C68E5D2F /* Products */ = {
			isa = PBXGroup;
			children = (
				35BA2C3BE40921D7642C4D49 /* IdeaQueue.app */,
				E7F8506F208D695A4CD0D131 /* IdeaQueueTests.xctest */,
			);
			name = Products;
			sourceTree = "<group>";
		};
		B04006450986C6AEA2DC6B39 /* IdeaQueueTests */ = {
			isa = PBXGroup;
			children = (
				46C5933866C6662328D1C385 /* DashboardDocumentTests.swift */,
				32474747113E3A5F3E4BC5D2 /* ServerSyncPlannerTests.swift */,
			);
			path = IdeaQueueTests;
			sourceTree = "<group>";
		};
		BFA9EB681D4785D3DA5FDD2C = {
			isa = PBXGroup;
			children = (
				3D68592A852B0FF622470644 /* IdeaQueue */,
				B04006450986C6AEA2DC6B39 /* IdeaQueueTests */,
				AC30E135448E7FB4C68E5D2F /* Products */,
			);
			sourceTree = "<group>";
		};
/* End PBXGroup section */

/* Begin PBXNativeTarget section */
		1183723795853F166CAE8B6C /* IdeaQueueTests */ = {
			isa = PBXNativeTarget;
			buildConfigurationList = 2A803A076B3D12CE2C2338A5 /* Build configuration list for PBXNativeTarget "IdeaQueueTests" */;
			buildPhases = (
				715FB95EE83265A121119A88 /* Sources */,
			);
			buildRules = (
			);
			dependencies = (
				C727903EA8B949360EF3DC10 /* PBXTargetDependency */,
			);
			name = IdeaQueueTests;
			packageProductDependencies = (
			);
			productName = IdeaQueueTests;
			productReference = E7F8506F208D695A4CD0D131 /* IdeaQueueTests.xctest */;
			productType = "com.apple.product-type.bundle.unit-test";
		};
		5A01866004800E9EFA7F01BF /* IdeaQueue */ = {
			isa = PBXNativeTarget;
			buildConfigurationList = 44DC5F79E78732FBBD1E0A83 /* Build configuration list for PBXNativeTarget "IdeaQueue" */;
			buildPhases = (
				07E9AED27155CC2413BADAA6 /* Sources */,
			);
			buildRules = (
			);
			dependencies = (
			);
			name = IdeaQueue;
			packageProductDependencies = (
			);
			productName = IdeaQueue;
			productReference = 35BA2C3BE40921D7642C4D49 /* IdeaQueue.app */;
			productType = "com.apple.product-type.application";
		};
/* End PBXNativeTarget section */

/* Begin PBXProject section */
		B562AE6190D5E6649262F41C /* Project object */ = {
			isa = PBXProject;
			attributes = {
				BuildIndependentTargetsInParallel = YES;
				LastUpgradeCheck = 1540;
				TargetAttributes = {
				};
			};
			buildConfigurationList = F68F20F944E1B82B150AD4D3 /* Build configuration list for PBXProject "IdeaQueue" */;
			compatibilityVersion = "Xcode 15.3";
			developmentRegion = en;
			hasScannedForEncodings = 0;
			knownRegions = (
				Base,
				en,
			);
			mainGroup = BFA9EB681D4785D3DA5FDD2C;
			minimizedProjectReferenceProxies = 1;
			productRefGroup = AC30E135448E7FB4C68E5D2F /* Products */;
			projectDirPath = "";
			projectRoot = "";
			targets = (
				5A01866004800E9EFA7F01BF /* IdeaQueue */,
				1183723795853F166CAE8B6C /* IdeaQueueTests */,
			);
		};
/* End PBXProject section */

/* Begin PBXSourcesBuildPhase section */
		07E9AED27155CC2413BADAA6 /* Sources */ = {
			isa = PBXSourcesBuildPhase;
			buildActionMask = 2147483647;
			files = (
				9F83DC2CF2A0FD74B8AADBC7 /* DashboardDocument.swift in Sources */,
				45E0E153CE13631E6D55353A /* DashboardStore.swift in Sources */,
				48BEDFE9ABEA85A648C9B76F /* DashboardView.swift in Sources */,
				6965D8EEFE7BA43C239C9215 /* Idea.swift in Sources */,
				6ED5AC239315BB16AF080489 /* IdeaQueueApp.swift in Sources */,
				9A3E06C61E8466EB80F5D054 /* LocalRepository.swift in Sources */,
				EEAA1FF5CA01A27C629D3E68 /* ProjectSectionView.swift in Sources */,
				A8BC1087153284D9F68D0220 /* ServerCredentialStore.swift in Sources */,
				3542634E6BDFFCDB0C05F66A /* ServerSyncClient.swift in Sources */,
				43120BF0FFC69B27DBCCB229 /* ServerSyncPlanner.swift in Sources */,
				CDA6289E933AB0205FF21FA5 /* SyncConfiguration.swift in Sources */,
				210D4A6945186278E36871AE /* SyncSheet.swift in Sources */,
			);
			runOnlyForDeploymentPostprocessing = 0;
		};
		715FB95EE83265A121119A88 /* Sources */ = {
			isa = PBXSourcesBuildPhase;
			buildActionMask = 2147483647;
			files = (
				F33E6769089CC1881AE7A752 /* DashboardDocumentTests.swift in Sources */,
				3B72454663AC056B7217AB3D /* ServerSyncPlannerTests.swift in Sources */,
			);
			runOnlyForDeploymentPostprocessing = 0;
		};
/* End PBXSourcesBuildPhase section */

/* Begin PBXTargetDependency section */
		C727903EA8B949360EF3DC10 /* PBXTargetDependency */ = {
			isa = PBXTargetDependency;
			target = 5A01866004800E9EFA7F01BF /* IdeaQueue */;
			targetProxy = B163D826857CF0B1CCE2B081 /* PBXContainerItemProxy */;
		};
/* End PBXTargetDependency section */

/* Begin XCBuildConfiguration section */
		27F32DA05CFE80C5DA630828 /* Release */ = {
			isa = XCBuildConfiguration;
			buildSettings = {
				ALWAYS_SEARCH_USER_PATHS = NO;
				IPHONEOS_DEPLOYMENT_TARGET = 17.0;
				SDKROOT = iphoneos;
				SWIFT_VERSION = 5.1;
			};
			name = Release;
		};
		5616321EFAE17DE7192953FD /* Release */ = {
			isa = XCBuildConfiguration;
			buildSettings = {
				BUNDLE_LOADER = "$(TEST_HOST)";
				GENERATE_INFOPLIST_FILE = YES;
				IPHONEOS_DEPLOYMENT_TARGET = 17.0;
				PRODUCT_NAME = IdeaQueueTests;
				TEST_HOST = "$(BUILT_PRODUCTS_DIR)/IdeaQueue.app/IdeaQueue";
			};
			name = Release;
		};
		A73A0EF143FD34D75E69D83F /* Debug */ = {
			isa = XCBuildConfiguration;
			buildSettings = {
				ALWAYS_SEARCH_USER_PATHS = NO;
				IPHONEOS_DEPLOYMENT_TARGET = 17.0;
				SDKROOT = iphoneos;
				SWIFT_VERSION = 5.1;
			};
			name = Debug;
		};
		D0B39866E3732EEB12453259 /* Debug */ = {
			isa = XCBuildConfiguration;
			buildSettings = {
				ENABLE_TESTABILITY = YES;
				INFOPLIST_FILE = IdeaQueue/Info.plist;
				IPHONEOS_DEPLOYMENT_TARGET = 17.0;
				PRODUCT_BUNDLE_IDENTIFIER = com.odcoda.ideaq.ideaqueue;
				PRODUCT_NAME = IdeaQueue;
				TARGETED_DEVICE_FAMILY = "1,2";
			};
			name = Debug;
		};
		D7701F4D21E63434E0844E55 /* Release */ = {
			isa = XCBuildConfiguration;
			buildSettings = {
				ENABLE_TESTABILITY = YES;
				INFOPLIST_FILE = IdeaQueue/Info.plist;
				IPHONEOS_DEPLOYMENT_TARGET = 17.0;
				PRODUCT_BUNDLE_IDENTIFIER = com.odcoda.ideaq.ideaqueue;
				PRODUCT_NAME = IdeaQueue;
				TARGETED_DEVICE_FAMILY = "1,2";
			};
			name = Release;
		};
		FEEADAD08099DB393F6B1A2B /* Debug */ = {
			isa = XCBuildConfiguration;
			buildSettings = {
				BUNDLE_LOADER = "$(TEST_HOST)";
				GENERATE_INFOPLIST_FILE = YES;
				IPHONEOS_DEPLOYMENT_TARGET = 17.0;
				PRODUCT_NAME = IdeaQueueTests;
				TEST_HOST = "$(BUILT_PRODUCTS_DIR)/IdeaQueue.app/IdeaQueue";
			};
			name = Debug;
		};
/* End XCBuildConfiguration section */

/* Begin XCConfigurationList section */
		2A803A076B3D12CE2C2338A5 /* Build configuration list for PBXNativeTarget "IdeaQueueTests" */ = {
			isa = XCConfigurationList;
			buildConfigurations = (
				FEEADAD08099DB393F6B1A2B /* Debug */,
				5616321EFAE17DE7192953FD /* Release */,
			);
			defaultConfigurationIsVisible = 0;
			defaultConfigurationName = Debug;
		};
		44DC5F79E78732FBBD1E0A83 /* Build configuration list for PBXNativeTarget "IdeaQueue" */ = {
			isa = XCConfigurationList;
			buildConfigurations = (
				D0B39866E3732EEB12453259 /* Debug */,
				D7701F4D21E63434E0844E55 /* Release */,
			);
			defaultConfigurationIsVisible = 0;
			defaultConfigurationName = Debug;
		};
		F68F20F944E1B82B150AD4D3 /* Build configuration list for PBXProject "IdeaQueue" */ = {
			isa = XCConfigurationList;
			buildConfigurations = (
				A73A0EF143FD34D75E69D83F /* Debug */,
				27F32DA05CFE80C5DA630828 /* Release */,
			);
			defaultConfigurationIsVisible = 0;
			defaultConfigurationName = Debug;
		};
/* End XCConfigurationList section */
	};
	rootObject = B562AE6190D5E6649262F41C /* Project object */;
}
